
Microsoft Visual Studio Solution File, Format Version 12.00
# Visual Studio Version 17
VisualStudioVersion = 17.3.32901.215
MinimumVisualStudioVersion = 10.0.40219.1
Project("{FAE04EC0-301F-11D3-BF4B-00C04F79EFBC}") = "ExCollection.App", "ExCollection.App\ExCollection.App.csproj", "{FB0D9E69-ED9F-42A3-9096-BACF62584787}"
EndProject
Global
	GlobalSection(SolutionConfigurationPlatforms) = preSolution
		Debug|Any CPU = Debug|Any CPU
		Release|Any CPU = Release|Any CPU
	EndGlobalSection
	GlobalSection(ProjectConfigurationPlatforms) = postSolution
		{FB0D9E69-ED9F-42A3-9096-BACF62584787}.Debug|Any CPU.ActiveCfg = Debug|Any CPU
		{FB0D9E69-ED9F-42A3-9096-BACF62584787}.Debug|Any CPU.Build.0 = Debug|Any CPU
		{FB0D9E69-ED9F-42A3-9096-BACF62584787}.Release|Any CPU.ActiveCfg = Release|Any CPU
		{FB0D9E69-ED9F-42A3-9096-BACF62584787}.Release|Any CPU.Build.0 = Release|Any CPU
	EndGlobalSection
	GlobalSection(SolutionProperties) = preSolution
		HideSolutionNode = FALSE
	EndGlobalSection
	GlobalSection(ExtensibilityGlobals) = postSolution
		SolutionGuid = {570B2B19-20A2-44D3-A21E-DA514155C510}
	EndGlobalSection
EndGlobal
