
Microsoft Visual Studio Solution File, Format Version 12.00
# Visual Studio Version 17
VisualStudioVersion = 17.4.33103.184
MinimumVisualStudioVersion = 10.0.40219.1
Project("{FAE04EC0-301F-11D3-BF4B-00C04F79EFBC}") = "WebApplication1", "WebApplication1.csproj", "{998D2500-F21F-4BBB-9E3E-78389DE84341}"
EndProject
Global
	GlobalSection(SolutionConfigurationPlatforms) = preSolution
		Debug|Any CPU = Debug|Any CPU
		Release|Any CPU = Release|Any CPU
	EndGlobalSection
	GlobalSection(ProjectConfigurationPlatforms) = postSolution
		{998D2500-F21F-4BBB-9E3E-78389DE84341}.Debug|Any CPU.ActiveCfg = Debug|Any CPU
		{998D2500-F21F-4BBB-9E3E-78389DE84341}.Debug|Any CPU.Build.0 = Debug|Any CPU
		{998D2500-F21F-4BBB-9E3E-78389DE84341}.Release|Any CPU.ActiveCfg = Release|Any CPU
		{998D2500-F21F-4BBB-9E3E-78389DE84341}.Release|Any CPU.Build.0 = Release|Any CPU
	EndGlobalSection
	GlobalSection(SolutionProperties) = preSolution
		HideSolutionNode = FALSE
	EndGlobalSection
	GlobalSection(ExtensibilityGlobals) = postSolution
		SolutionGuid = {EC2B1EFB-A091-4EF0-A43B-FD8E95BF3739}
	EndGlobalSection
EndGlobal
